
Microsoft Visual Studio Solution File, Format Version 12.00
# Visual Studio Version 17
VisualStudioVersion = 17.10.35122.118
MinimumVisualStudioVersion = 10.0.40219.1
Project("{FAE04EC0-301F-11D3-BF4B-00C04F79EFBC}") = "WinFormsApp1", "WinFormsApp1\WinFormsApp1.csproj", "{35041825-2DEF-4570-A602-DE7E6C786941}"
EndProject
Global
	GlobalSection(SolutionConfigurationPlatforms) = preSolution
		Debug|Any CPU = Debug|Any CPU
		Release|Any CPU = Release|Any CPU
	EndGlobalSection
	GlobalSection(ProjectConfigurationPlatforms) = postSolution
		{35041825-2DEF-4570-A602-DE7E6C786941}.Debug|Any CPU.ActiveCfg = Debug|Any CPU
		{35041825-2DEF-4570-A602-DE7E6C786941}.Debug|Any CPU.Build.0 = Debug|Any CPU
		{35041825-2DEF-4570-A602-DE7E6C786941}.Release|Any CPU.ActiveCfg = Release|Any CPU
		{35041825-2DEF-4570-A602-DE7E6C786941}.Release|Any CPU.Build.0 = Release|Any CPU
	EndGlobalSection
	GlobalSection(SolutionProperties) = preSolution
		HideSolutionNode = FALSE
	EndGlobalSection
	GlobalSection(ExtensibilityGlobals) = postSolution
		SolutionGuid = {D0777028-7FB4-454F-B0FE-49AC1912F367}
	EndGlobalSection
EndGlobal
